
Microsoft Visual Studio Solution File, Format Version 12.00
# Visual Studio Version 17
VisualStudioVersion = 17.13.35913.81 d17.13
MinimumVisualStudioVersion = 10.0.40219.1
Project("{FAE04EC0-301F-11D3-BF4B-00C04F79EFBC}") = "Baekjoon_11047", "Baekjoon_11047\Baekjoon_11047.csproj", "{A3BA97B6-F816-4FA0-90EF-01EAA1E0A33F}"
EndProject
Global
	GlobalSection(SolutionConfigurationPlatforms) = preSolution
		Debug|Any CPU = Debug|Any CPU
		Release|Any CPU = Release|Any CPU
	EndGlobalSection
	GlobalSection(ProjectConfigurationPlatforms) = postSolution
		{A3BA97B6-F816-4FA0-90EF-01EAA1E0A33F}.Debug|Any CPU.ActiveCfg = Debug|Any CPU
		{A3BA97B6-F816-4FA0-90EF-01EAA1E0A33F}.Debug|Any CPU.Build.0 = Debug|Any CPU
		{A3BA97B6-F816-4FA0-90EF-01EAA1E0A33F}.Release|Any CPU.ActiveCfg = Release|Any CPU
		{A3BA97B6-F816-4FA0-90EF-01EAA1E0A33F}.Release|Any CPU.Build.0 = Release|Any CPU
	EndGlobalSection
	GlobalSection(SolutionProperties) = preSolution
		HideSolutionNode = FALSE
	EndGlobalSection
	GlobalSection(ExtensibilityGlobals) = postSolution
		SolutionGuid = {6D623863-ECD3-4669-A85B-A38881AB3CC7}
	EndGlobalSection
EndGlobal
