
Microsoft Visual Studio Solution File, Format Version 12.00
# Visual Studio Version 17
VisualStudioVersion = 17.7.34221.43
MinimumVisualStudioVersion = 10.0.40219.1
Project("{FAE04EC0-301F-11D3-BF4B-00C04F79EFBC}") = "Baekjoon_1120", "Baekjoon_1120\Baekjoon_1120.csproj", "{31534CCF-9E3D-4582-BE64-2C15086FB866}"
EndProject
Global
	GlobalSection(SolutionConfigurationPlatforms) = preSolution
		Debug|Any CPU = Debug|Any CPU
		Release|Any CPU = Release|Any CPU
	EndGlobalSection
	GlobalSection(ProjectConfigurationPlatforms) = postSolution
		{31534CCF-9E3D-4582-BE64-2C15086FB866}.Debug|Any CPU.ActiveCfg = Debug|Any CPU
		{31534CCF-9E3D-4582-BE64-2C15086FB866}.Debug|Any CPU.Build.0 = Debug|Any CPU
		{31534CCF-9E3D-4582-BE64-2C15086FB866}.Release|Any CPU.ActiveCfg = Release|Any CPU
		{31534CCF-9E3D-4582-BE64-2C15086FB866}.Release|Any CPU.Build.0 = Release|Any CPU
	EndGlobalSection
	GlobalSection(SolutionProperties) = preSolution
		HideSolutionNode = FALSE
	EndGlobalSection
	GlobalSection(ExtensibilityGlobals) = postSolution
		SolutionGuid = {94B6F3FA-60B4-4C7C-BE02-74900863E716}
	EndGlobalSection
EndGlobal
