
Microsoft Visual Studio Solution File, Format Version 12.00
# Visual Studio Version 17
VisualStudioVersion = 17.13.35913.81 d17.13
MinimumVisualStudioVersion = 10.0.40219.1
Project("{FAE04EC0-301F-11D3-BF4B-00C04F79EFBC}") = "Baekjoon_1965", "Baekjoon_1965\Baekjoon_1965.csproj", "{37B1F47E-09DB-456F-B603-2DC2E529B1A0}"
EndProject
Global
	GlobalSection(SolutionConfigurationPlatforms) = preSolution
		Debug|Any CPU = Debug|Any CPU
		Release|Any CPU = Release|Any CPU
	EndGlobalSection
	GlobalSection(ProjectConfigurationPlatforms) = postSolution
		{37B1F47E-09DB-456F-B603-2DC2E529B1A0}.Debug|Any CPU.ActiveCfg = Debug|Any CPU
		{37B1F47E-09DB-456F-B603-2DC2E529B1A0}.Debug|Any CPU.Build.0 = Debug|Any CPU
		{37B1F47E-09DB-456F-B603-2DC2E529B1A0}.Release|Any CPU.ActiveCfg = Release|Any CPU
		{37B1F47E-09DB-456F-B603-2DC2E529B1A0}.Release|Any CPU.Build.0 = Release|Any CPU
	EndGlobalSection
	GlobalSection(SolutionProperties) = preSolution
		HideSolutionNode = FALSE
	EndGlobalSection
	GlobalSection(ExtensibilityGlobals) = postSolution
		SolutionGuid = {E9318AD5-DB96-4A75-BD91-A3DA003A51F4}
	EndGlobalSection
EndGlobal
