
Microsoft Visual Studio Solution File, Format Version 12.00
# Visual Studio Version 17
VisualStudioVersion = 17.7.34221.43
MinimumVisualStudioVersion = 10.0.40219.1
Project("{FAE04EC0-301F-11D3-BF4B-00C04F79EFBC}") = "Baekjoon_10988", "Baekjoon_10988\Baekjoon_10988.csproj", "{36815D49-8A2E-4C98-A7E9-5924DA819BCE}"
EndProject
Global
	GlobalSection(SolutionConfigurationPlatforms) = preSolution
		Debug|Any CPU = Debug|Any CPU
		Release|Any CPU = Release|Any CPU
	EndGlobalSection
	GlobalSection(ProjectConfigurationPlatforms) = postSolution
		{36815D49-8A2E-4C98-A7E9-5924DA819BCE}.Debug|Any CPU.ActiveCfg = Debug|Any CPU
		{36815D49-8A2E-4C98-A7E9-5924DA819BCE}.Debug|Any CPU.Build.0 = Debug|Any CPU
		{36815D49-8A2E-4C98-A7E9-5924DA819BCE}.Release|Any CPU.ActiveCfg = Release|Any CPU
		{36815D49-8A2E-4C98-A7E9-5924DA819BCE}.Release|Any CPU.Build.0 = Release|Any CPU
	EndGlobalSection
	GlobalSection(SolutionProperties) = preSolution
		HideSolutionNode = FALSE
	EndGlobalSection
	GlobalSection(ExtensibilityGlobals) = postSolution
		SolutionGuid = {6F9573D4-78FA-46FB-B11F-6FD675DDCDE9}
	EndGlobalSection
EndGlobal
