
Microsoft Visual Studio Solution File, Format Version 12.00
# Visual Studio Version 17
VisualStudioVersion = 17.7.34221.43
MinimumVisualStudioVersion = 10.0.40219.1
Project("{FAE04EC0-301F-11D3-BF4B-00C04F79EFBC}") = "Baekjoon_1417", "Baekjoon_1417\Baekjoon_1417.csproj", "{FA673E14-27D1-4878-8A69-E9952C7A3A5E}"
EndProject
Global
	GlobalSection(SolutionConfigurationPlatforms) = preSolution
		Debug|Any CPU = Debug|Any CPU
		Release|Any CPU = Release|Any CPU
	EndGlobalSection
	GlobalSection(ProjectConfigurationPlatforms) = postSolution
		{FA673E14-27D1-4878-8A69-E9952C7A3A5E}.Debug|Any CPU.ActiveCfg = Debug|Any CPU
		{FA673E14-27D1-4878-8A69-E9952C7A3A5E}.Debug|Any CPU.Build.0 = Debug|Any CPU
		{FA673E14-27D1-4878-8A69-E9952C7A3A5E}.Release|Any CPU.ActiveCfg = Release|Any CPU
		{FA673E14-27D1-4878-8A69-E9952C7A3A5E}.Release|Any CPU.Build.0 = Release|Any CPU
	EndGlobalSection
	GlobalSection(SolutionProperties) = preSolution
		HideSolutionNode = FALSE
	EndGlobalSection
	GlobalSection(ExtensibilityGlobals) = postSolution
		SolutionGuid = {A103D06E-E3B7-4CE7-A59D-FA0581B4D800}
	EndGlobalSection
EndGlobal
