
Microsoft Visual Studio Solution File, Format Version 12.00
# Visual Studio Version 17
VisualStudioVersion = 17.7.34221.43
MinimumVisualStudioVersion = 10.0.40219.1
Project("{FAE04EC0-301F-11D3-BF4B-00C04F79EFBC}") = "Baekjoon_1463", "Baekjoon_1463\Baekjoon_1463.csproj", "{56CBC199-F80F-4212-AF42-4B9FC737F75E}"
EndProject
Global
	GlobalSection(SolutionConfigurationPlatforms) = preSolution
		Debug|Any CPU = Debug|Any CPU
		Release|Any CPU = Release|Any CPU
	EndGlobalSection
	GlobalSection(ProjectConfigurationPlatforms) = postSolution
		{56CBC199-F80F-4212-AF42-4B9FC737F75E}.Debug|Any CPU.ActiveCfg = Debug|Any CPU
		{56CBC199-F80F-4212-AF42-4B9FC737F75E}.Debug|Any CPU.Build.0 = Debug|Any CPU
		{56CBC199-F80F-4212-AF42-4B9FC737F75E}.Release|Any CPU.ActiveCfg = Release|Any CPU
		{56CBC199-F80F-4212-AF42-4B9FC737F75E}.Release|Any CPU.Build.0 = Release|Any CPU
	EndGlobalSection
	GlobalSection(SolutionProperties) = preSolution
		HideSolutionNode = FALSE
	EndGlobalSection
	GlobalSection(ExtensibilityGlobals) = postSolution
		SolutionGuid = {4ECF273E-580A-4E2E-AF17-7B20CF85228F}
	EndGlobalSection
EndGlobal
