
Microsoft Visual Studio Solution File, Format Version 12.00
# Visual Studio Version 17
VisualStudioVersion = 17.7.34221.43
MinimumVisualStudioVersion = 10.0.40219.1
Project("{FAE04EC0-301F-11D3-BF4B-00C04F79EFBC}") = "Baekjoon_1535", "Baekjoon_1535\Baekjoon_1535.csproj", "{962B4D66-204D-4364-A55A-9A6FDFB95F2F}"
EndProject
Global
	GlobalSection(SolutionConfigurationPlatforms) = preSolution
		Debug|Any CPU = Debug|Any CPU
		Release|Any CPU = Release|Any CPU
	EndGlobalSection
	GlobalSection(ProjectConfigurationPlatforms) = postSolution
		{962B4D66-204D-4364-A55A-9A6FDFB95F2F}.Debug|Any CPU.ActiveCfg = Debug|Any CPU
		{962B4D66-204D-4364-A55A-9A6FDFB95F2F}.Debug|Any CPU.Build.0 = Debug|Any CPU
		{962B4D66-204D-4364-A55A-9A6FDFB95F2F}.Release|Any CPU.ActiveCfg = Release|Any CPU
		{962B4D66-204D-4364-A55A-9A6FDFB95F2F}.Release|Any CPU.Build.0 = Release|Any CPU
	EndGlobalSection
	GlobalSection(SolutionProperties) = preSolution
		HideSolutionNode = FALSE
	EndGlobalSection
	GlobalSection(ExtensibilityGlobals) = postSolution
		SolutionGuid = {58C22CDF-8698-4425-86BB-A579889BC9BE}
	EndGlobalSection
EndGlobal
