
Microsoft Visual Studio Solution File, Format Version 12.00
# Visual Studio 15
VisualStudioVersion = 15.0.28307.1972
MinimumVisualStudioVersion = 10.0.40219.1
Project("{FAE04EC0-301F-11D3-BF4B-00C04F79EFBC}") = "Baekjoon_10813", "Baekjoon_10813\Baekjoon_10813.csproj", "{DD65F566-8020-4138-A8E8-E959AE9A578C}"
EndProject
Global
	GlobalSection(SolutionConfigurationPlatforms) = preSolution
		Debug|Any CPU = Debug|Any CPU
		Release|Any CPU = Release|Any CPU
	EndGlobalSection
	GlobalSection(ProjectConfigurationPlatforms) = postSolution
		{DD65F566-8020-4138-A8E8-E959AE9A578C}.Debug|Any CPU.ActiveCfg = Debug|Any CPU
		{DD65F566-8020-4138-A8E8-E959AE9A578C}.Debug|Any CPU.Build.0 = Debug|Any CPU
		{DD65F566-8020-4138-A8E8-E959AE9A578C}.Release|Any CPU.ActiveCfg = Release|Any CPU
		{DD65F566-8020-4138-A8E8-E959AE9A578C}.Release|Any CPU.Build.0 = Release|Any CPU
	EndGlobalSection
	GlobalSection(SolutionProperties) = preSolution
		HideSolutionNode = FALSE
	EndGlobalSection
	GlobalSection(ExtensibilityGlobals) = postSolution
		SolutionGuid = {CFD20FBE-83C2-4BA7-A3E7-EA6D9E63A6B7}
	EndGlobalSection
EndGlobal
