
Microsoft Visual Studio Solution File, Format Version 12.00
# Visual Studio Version 17
VisualStudioVersion = 17.7.34221.43
MinimumVisualStudioVersion = 10.0.40219.1
Project("{FAE04EC0-301F-11D3-BF4B-00C04F79EFBC}") = "Baekjoon_14681", "Baekjoon_14681\Baekjoon_14681.csproj", "{D4DA5DDD-9BD8-41B1-8D99-695551C804E1}"
EndProject
Global
	GlobalSection(SolutionConfigurationPlatforms) = preSolution
		Debug|Any CPU = Debug|Any CPU
		Release|Any CPU = Release|Any CPU
	EndGlobalSection
	GlobalSection(ProjectConfigurationPlatforms) = postSolution
		{D4DA5DDD-9BD8-41B1-8D99-695551C804E1}.Debug|Any CPU.ActiveCfg = Debug|Any CPU
		{D4DA5DDD-9BD8-41B1-8D99-695551C804E1}.Debug|Any CPU.Build.0 = Debug|Any CPU
		{D4DA5DDD-9BD8-41B1-8D99-695551C804E1}.Release|Any CPU.ActiveCfg = Release|Any CPU
		{D4DA5DDD-9BD8-41B1-8D99-695551C804E1}.Release|Any CPU.Build.0 = Release|Any CPU
	EndGlobalSection
	GlobalSection(SolutionProperties) = preSolution
		HideSolutionNode = FALSE
	EndGlobalSection
	GlobalSection(ExtensibilityGlobals) = postSolution
		SolutionGuid = {DC3DCFB8-7607-4172-AE3F-104ECFF723BF}
	EndGlobalSection
EndGlobal
