
Microsoft Visual Studio Solution File, Format Version 12.00
# Visual Studio Version 17
VisualStudioVersion = 17.7.34221.43
MinimumVisualStudioVersion = 10.0.40219.1
Project("{FAE04EC0-301F-11D3-BF4B-00C04F79EFBC}") = "Baekjoon_10828", "Baekjoon_10828\Baekjoon_10828.csproj", "{70FB10E2-C31D-4937-AEEB-0CE273267821}"
EndProject
Global
	GlobalSection(SolutionConfigurationPlatforms) = preSolution
		Debug|Any CPU = Debug|Any CPU
		Release|Any CPU = Release|Any CPU
	EndGlobalSection
	GlobalSection(ProjectConfigurationPlatforms) = postSolution
		{70FB10E2-C31D-4937-AEEB-0CE273267821}.Debug|Any CPU.ActiveCfg = Debug|Any CPU
		{70FB10E2-C31D-4937-AEEB-0CE273267821}.Debug|Any CPU.Build.0 = Debug|Any CPU
		{70FB10E2-C31D-4937-AEEB-0CE273267821}.Release|Any CPU.ActiveCfg = Release|Any CPU
		{70FB10E2-C31D-4937-AEEB-0CE273267821}.Release|Any CPU.Build.0 = Release|Any CPU
	EndGlobalSection
	GlobalSection(SolutionProperties) = preSolution
		HideSolutionNode = FALSE
	EndGlobalSection
	GlobalSection(ExtensibilityGlobals) = postSolution
		SolutionGuid = {9D58B23A-E206-4A06-AD42-A885D17AC3B1}
	EndGlobalSection
EndGlobal
