
Microsoft Visual Studio Solution File, Format Version 12.00
# Visual Studio 15
VisualStudioVersion = 15.0.28307.1972
MinimumVisualStudioVersion = 10.0.40219.1
Project("{FAE04EC0-301F-11D3-BF4B-00C04F79EFBC}") = "Baekjoon_10810", "Baekjoon_10810\Baekjoon_10810.csproj", "{7D86ED78-21B9-47ED-987F-EEA14908D1E1}"
EndProject
Global
	GlobalSection(SolutionConfigurationPlatforms) = preSolution
		Debug|Any CPU = Debug|Any CPU
		Release|Any CPU = Release|Any CPU
	EndGlobalSection
	GlobalSection(ProjectConfigurationPlatforms) = postSolution
		{7D86ED78-21B9-47ED-987F-EEA14908D1E1}.Debug|Any CPU.ActiveCfg = Debug|Any CPU
		{7D86ED78-21B9-47ED-987F-EEA14908D1E1}.Debug|Any CPU.Build.0 = Debug|Any CPU
		{7D86ED78-21B9-47ED-987F-EEA14908D1E1}.Release|Any CPU.ActiveCfg = Release|Any CPU
		{7D86ED78-21B9-47ED-987F-EEA14908D1E1}.Release|Any CPU.Build.0 = Release|Any CPU
	EndGlobalSection
	GlobalSection(SolutionProperties) = preSolution
		HideSolutionNode = FALSE
	EndGlobalSection
	GlobalSection(ExtensibilityGlobals) = postSolution
		SolutionGuid = {C38A6909-1625-4747-BCA3-AFBC9CC75C8C}
	EndGlobalSection
EndGlobal
