
Microsoft Visual Studio Solution File, Format Version 12.00
# Visual Studio Version 17
VisualStudioVersion = 17.7.34221.43
MinimumVisualStudioVersion = 10.0.40219.1
Project("{FAE04EC0-301F-11D3-BF4B-00C04F79EFBC}") = "Baekjoon_10990", "Baekjoon_10990\Baekjoon_10990.csproj", "{678997D5-9382-4963-BE7C-F408CBE18440}"
EndProject
Global
	GlobalSection(SolutionConfigurationPlatforms) = preSolution
		Debug|Any CPU = Debug|Any CPU
		Release|Any CPU = Release|Any CPU
	EndGlobalSection
	GlobalSection(ProjectConfigurationPlatforms) = postSolution
		{678997D5-9382-4963-BE7C-F408CBE18440}.Debug|Any CPU.ActiveCfg = Debug|Any CPU
		{678997D5-9382-4963-BE7C-F408CBE18440}.Debug|Any CPU.Build.0 = Debug|Any CPU
		{678997D5-9382-4963-BE7C-F408CBE18440}.Release|Any CPU.ActiveCfg = Release|Any CPU
		{678997D5-9382-4963-BE7C-F408CBE18440}.Release|Any CPU.Build.0 = Release|Any CPU
	EndGlobalSection
	GlobalSection(SolutionProperties) = preSolution
		HideSolutionNode = FALSE
	EndGlobalSection
	GlobalSection(ExtensibilityGlobals) = postSolution
		SolutionGuid = {4643A902-6043-4B89-9E54-0CDD9A7236B3}
	EndGlobalSection
EndGlobal
