
Microsoft Visual Studio Solution File, Format Version 12.00
# Visual Studio Version 17
VisualStudioVersion = 17.7.34221.43
MinimumVisualStudioVersion = 10.0.40219.1
Project("{FAE04EC0-301F-11D3-BF4B-00C04F79EFBC}") = "Baekjoon_9012", "Baekjoon_9012\Baekjoon_9012.csproj", "{CD7F88D8-260B-4931-A587-AF9ACE6F9B16}"
EndProject
Global
	GlobalSection(SolutionConfigurationPlatforms) = preSolution
		Debug|Any CPU = Debug|Any CPU
		Release|Any CPU = Release|Any CPU
	EndGlobalSection
	GlobalSection(ProjectConfigurationPlatforms) = postSolution
		{CD7F88D8-260B-4931-A587-AF9ACE6F9B16}.Debug|Any CPU.ActiveCfg = Debug|Any CPU
		{CD7F88D8-260B-4931-A587-AF9ACE6F9B16}.Debug|Any CPU.Build.0 = Debug|Any CPU
		{CD7F88D8-260B-4931-A587-AF9ACE6F9B16}.Release|Any CPU.ActiveCfg = Release|Any CPU
		{CD7F88D8-260B-4931-A587-AF9ACE6F9B16}.Release|Any CPU.Build.0 = Release|Any CPU
	EndGlobalSection
	GlobalSection(SolutionProperties) = preSolution
		HideSolutionNode = FALSE
	EndGlobalSection
	GlobalSection(ExtensibilityGlobals) = postSolution
		SolutionGuid = {0BBB56B4-8821-4256-A1F2-D0F6441ADC41}
	EndGlobalSection
EndGlobal
