
Microsoft Visual Studio Solution File, Format Version 12.00
# Visual Studio Version 17
VisualStudioVersion = 17.13.35913.81 d17.13
MinimumVisualStudioVersion = 10.0.40219.1
Project("{FAE04EC0-301F-11D3-BF4B-00C04F79EFBC}") = "Baekjoon_31430", "Baekjoon_31430\Baekjoon_31430.csproj", "{E013720A-0DAB-4845-9B31-CB2F6F4F08F1}"
EndProject
Global
	GlobalSection(SolutionConfigurationPlatforms) = preSolution
		Debug|Any CPU = Debug|Any CPU
		Release|Any CPU = Release|Any CPU
	EndGlobalSection
	GlobalSection(ProjectConfigurationPlatforms) = postSolution
		{E013720A-0DAB-4845-9B31-CB2F6F4F08F1}.Debug|Any CPU.ActiveCfg = Debug|Any CPU
		{E013720A-0DAB-4845-9B31-CB2F6F4F08F1}.Debug|Any CPU.Build.0 = Debug|Any CPU
		{E013720A-0DAB-4845-9B31-CB2F6F4F08F1}.Release|Any CPU.ActiveCfg = Release|Any CPU
		{E013720A-0DAB-4845-9B31-CB2F6F4F08F1}.Release|Any CPU.Build.0 = Release|Any CPU
	EndGlobalSection
	GlobalSection(SolutionProperties) = preSolution
		HideSolutionNode = FALSE
	EndGlobalSection
	GlobalSection(ExtensibilityGlobals) = postSolution
		SolutionGuid = {18091B56-139F-48A8-B21B-1F5A488D60B3}
	EndGlobalSection
EndGlobal
