
Microsoft Visual Studio Solution File, Format Version 12.00
# Visual Studio Version 17
VisualStudioVersion = 17.7.34221.43
MinimumVisualStudioVersion = 10.0.40219.1
Project("{FAE04EC0-301F-11D3-BF4B-00C04F79EFBC}") = "Baekjoon_9086", "Baekjoon_9086\Baekjoon_9086.csproj", "{445D1E59-D6EA-467F-853A-E67FA6EAE953}"
EndProject
Global
	GlobalSection(SolutionConfigurationPlatforms) = preSolution
		Debug|Any CPU = Debug|Any CPU
		Release|Any CPU = Release|Any CPU
	EndGlobalSection
	GlobalSection(ProjectConfigurationPlatforms) = postSolution
		{445D1E59-D6EA-467F-853A-E67FA6EAE953}.Debug|Any CPU.ActiveCfg = Debug|Any CPU
		{445D1E59-D6EA-467F-853A-E67FA6EAE953}.Debug|Any CPU.Build.0 = Debug|Any CPU
		{445D1E59-D6EA-467F-853A-E67FA6EAE953}.Release|Any CPU.ActiveCfg = Release|Any CPU
		{445D1E59-D6EA-467F-853A-E67FA6EAE953}.Release|Any CPU.Build.0 = Release|Any CPU
	EndGlobalSection
	GlobalSection(SolutionProperties) = preSolution
		HideSolutionNode = FALSE
	EndGlobalSection
	GlobalSection(ExtensibilityGlobals) = postSolution
		SolutionGuid = {0269815E-BF97-4B8F-826E-8BE53C17A28C}
	EndGlobalSection
EndGlobal
