
Microsoft Visual Studio Solution File, Format Version 12.00
# Visual Studio Version 17
VisualStudioVersion = 17.7.34221.43
MinimumVisualStudioVersion = 10.0.40219.1
Project("{FAE04EC0-301F-11D3-BF4B-00C04F79EFBC}") = "Baekjoon_4779", "Baekjoon_4779\Baekjoon_4779.csproj", "{471F355D-822D-46FD-85C9-D3493278CB2D}"
EndProject
Global
	GlobalSection(SolutionConfigurationPlatforms) = preSolution
		Debug|Any CPU = Debug|Any CPU
		Release|Any CPU = Release|Any CPU
	EndGlobalSection
	GlobalSection(ProjectConfigurationPlatforms) = postSolution
		{471F355D-822D-46FD-85C9-D3493278CB2D}.Debug|Any CPU.ActiveCfg = Debug|Any CPU
		{471F355D-822D-46FD-85C9-D3493278CB2D}.Debug|Any CPU.Build.0 = Debug|Any CPU
		{471F355D-822D-46FD-85C9-D3493278CB2D}.Release|Any CPU.ActiveCfg = Release|Any CPU
		{471F355D-822D-46FD-85C9-D3493278CB2D}.Release|Any CPU.Build.0 = Release|Any CPU
	EndGlobalSection
	GlobalSection(SolutionProperties) = preSolution
		HideSolutionNode = FALSE
	EndGlobalSection
	GlobalSection(ExtensibilityGlobals) = postSolution
		SolutionGuid = {BC2A7B38-C582-47E6-BC70-48B9FC159E43}
	EndGlobalSection
EndGlobal
