
Microsoft Visual Studio Solution File, Format Version 12.00
# Visual Studio 15
VisualStudioVersion = 15.0.28307.1972
MinimumVisualStudioVersion = 10.0.40219.1
Project("{FAE04EC0-301F-11D3-BF4B-00C04F79EFBC}") = "Baekjoon_10811", "Baekjoon_10811\Baekjoon_10811.csproj", "{FA76AA22-AFF7-4BD0-8683-60EA92510225}"
EndProject
Global
	GlobalSection(SolutionConfigurationPlatforms) = preSolution
		Debug|Any CPU = Debug|Any CPU
		Release|Any CPU = Release|Any CPU
	EndGlobalSection
	GlobalSection(ProjectConfigurationPlatforms) = postSolution
		{FA76AA22-AFF7-4BD0-8683-60EA92510225}.Debug|Any CPU.ActiveCfg = Debug|Any CPU
		{FA76AA22-AFF7-4BD0-8683-60EA92510225}.Debug|Any CPU.Build.0 = Debug|Any CPU
		{FA76AA22-AFF7-4BD0-8683-60EA92510225}.Release|Any CPU.ActiveCfg = Release|Any CPU
		{FA76AA22-AFF7-4BD0-8683-60EA92510225}.Release|Any CPU.Build.0 = Release|Any CPU
	EndGlobalSection
	GlobalSection(SolutionProperties) = preSolution
		HideSolutionNode = FALSE
	EndGlobalSection
	GlobalSection(ExtensibilityGlobals) = postSolution
		SolutionGuid = {DE29F192-654E-4CA1-BB91-95E0769AA592}
	EndGlobalSection
EndGlobal
