
Microsoft Visual Studio Solution File, Format Version 12.00
# Visual Studio Version 17
VisualStudioVersion = 17.13.35913.81 d17.13
MinimumVisualStudioVersion = 10.0.40219.1
Project("{FAE04EC0-301F-11D3-BF4B-00C04F79EFBC}") = "Baekjoon_2941", "Baekjoon_2941\Baekjoon_2941.csproj", "{560F0BD2-CBCE-4950-BD46-651AD4456E4E}"
EndProject
Global
	GlobalSection(SolutionConfigurationPlatforms) = preSolution
		Debug|Any CPU = Debug|Any CPU
		Release|Any CPU = Release|Any CPU
	EndGlobalSection
	GlobalSection(ProjectConfigurationPlatforms) = postSolution
		{560F0BD2-CBCE-4950-BD46-651AD4456E4E}.Debug|Any CPU.ActiveCfg = Debug|Any CPU
		{560F0BD2-CBCE-4950-BD46-651AD4456E4E}.Debug|Any CPU.Build.0 = Debug|Any CPU
		{560F0BD2-CBCE-4950-BD46-651AD4456E4E}.Release|Any CPU.ActiveCfg = Release|Any CPU
		{560F0BD2-CBCE-4950-BD46-651AD4456E4E}.Release|Any CPU.Build.0 = Release|Any CPU
	EndGlobalSection
	GlobalSection(SolutionProperties) = preSolution
		HideSolutionNode = FALSE
	EndGlobalSection
	GlobalSection(ExtensibilityGlobals) = postSolution
		SolutionGuid = {BE9A913E-BAE9-464B-B3D6-E71C80E632C0}
	EndGlobalSection
EndGlobal
